
Microsoft Visual Studio Solution File, Format Version 12.00
# Visual Studio Version 17
VisualStudioVersion = 17.12.35506.116 d17.12
MinimumVisualStudioVersion = 10.0.40219.1
Project("{FAE04EC0-301F-11D3-BF4B-00C04F79EFBC}") = "AnimalExplorerApp", "AnimalExplorerApp\AnimalExplorerApp.csproj", "{0894C1A4-2191-4B33-B6FA-E373532F7814}"
EndProject
Project("{2150E333-8FDC-42A3-9474-1A3956D46DE8}") = "AnimalExplorerApp.Data", "AnimalExplorerApp.Data", "{831139D1-7482-45BC-9F5A-6A93CE462F8F}"
EndProject
Project("{2150E333-8FDC-42A3-9474-1A3956D46DE8}") = "AnimalExplorerApp.Domain", "AnimalExplorerApp.Domain", "{23F0D65B-DBAC-4C72-9525-173F5059AD32}"
EndProject
Project("{FAE04EC0-301F-11D3-BF4B-00C04F79EFBC}") = "AnimalPages.Data", "AnimalPages\AnimalPages.Data.csproj", "{B687E33A-F131-4CF2-8411-8A942DC7AEF4}"
EndProject
Global
	GlobalSection(SolutionConfigurationPlatforms) = preSolution
		Debug|Any CPU = Debug|Any CPU
		Release|Any CPU = Release|Any CPU
	EndGlobalSection
	GlobalSection(ProjectConfigurationPlatforms) = postSolution
		{0894C1A4-2191-4B33-B6FA-E373532F7814}.Debug|Any CPU.ActiveCfg = Debug|Any CPU
		{0894C1A4-2191-4B33-B6FA-E373532F7814}.Debug|Any CPU.Build.0 = Debug|Any CPU
		{0894C1A4-2191-4B33-B6FA-E373532F7814}.Release|Any CPU.ActiveCfg = Release|Any CPU
		{0894C1A4-2191-4B33-B6FA-E373532F7814}.Release|Any CPU.Build.0 = Release|Any CPU
		{B687E33A-F131-4CF2-8411-8A942DC7AEF4}.Debug|Any CPU.ActiveCfg = Debug|Any CPU
		{B687E33A-F131-4CF2-8411-8A942DC7AEF4}.Debug|Any CPU.Build.0 = Debug|Any CPU
		{B687E33A-F131-4CF2-8411-8A942DC7AEF4}.Release|Any CPU.ActiveCfg = Release|Any CPU
		{B687E33A-F131-4CF2-8411-8A942DC7AEF4}.Release|Any CPU.Build.0 = Release|Any CPU
	EndGlobalSection
	GlobalSection(SolutionProperties) = preSolution
		HideSolutionNode = FALSE
	EndGlobalSection
	GlobalSection(NestedProjects) = preSolution
		{0894C1A4-2191-4B33-B6FA-E373532F7814} = {23F0D65B-DBAC-4C72-9525-173F5059AD32}
		{B687E33A-F131-4CF2-8411-8A942DC7AEF4} = {831139D1-7482-45BC-9F5A-6A93CE462F8F}
	EndGlobalSection
EndGlobal
